
Microsoft Visual Studio Solution File, Format Version 12.00
# Visual Studio Version 16
VisualStudioVersion = 16.0.30611.23
MinimumVisualStudioVersion = 10.0.40219.1
Project("{9A19103F-16F7-4668-BE54-9A1E7A4F7556}") = "Booking.Web", "Booking.Web\Booking.Web.csproj", "{68298E21-9B50-43B2-81A7-C582399F1E47}"
EndProject
Project("{9A19103F-16F7-4668-BE54-9A1E7A4F7556}") = "Booking.Core", "Booking.Core\Booking.Core.csproj", "{0BF24702-ED61-4316-91C3-268DB38A3219}"
EndProject
Project("{9A19103F-16F7-4668-BE54-9A1E7A4F7556}") = "Booking.Data", "Booking.Data\Booking.Data.csproj", "{BF738D26-81AE-4249-888E-1AE3E853C894}"
EndProject
Project("{FAE04EC0-301F-11D3-BF4B-00C04F79EFBC}") = "Booking.Tests", "Booking.Tests\Booking.Tests.csproj", "{1C8E740E-0A53-45EE-A4DB-48396EBB6E18}"
EndProject
Global
	GlobalSection(SolutionConfigurationPlatforms) = preSolution
		Debug|Any CPU = Debug|Any CPU
		Release|Any CPU = Release|Any CPU
	EndGlobalSection
	GlobalSection(ProjectConfigurationPlatforms) = postSolution
		{68298E21-9B50-43B2-81A7-C582399F1E47}.Debug|Any CPU.ActiveCfg = Debug|Any CPU
		{68298E21-9B50-43B2-81A7-C582399F1E47}.Debug|Any CPU.Build.0 = Debug|Any CPU
		{68298E21-9B50-43B2-81A7-C582399F1E47}.Release|Any CPU.ActiveCfg = Release|Any CPU
		{68298E21-9B50-43B2-81A7-C582399F1E47}.Release|Any CPU.Build.0 = Release|Any CPU
		{0BF24702-ED61-4316-91C3-268DB38A3219}.Debug|Any CPU.ActiveCfg = Debug|Any CPU
		{0BF24702-ED61-4316-91C3-268DB38A3219}.Debug|Any CPU.Build.0 = Debug|Any CPU
		{0BF24702-ED61-4316-91C3-268DB38A3219}.Release|Any CPU.ActiveCfg = Release|Any CPU
		{0BF24702-ED61-4316-91C3-268DB38A3219}.Release|Any CPU.Build.0 = Release|Any CPU
		{BF738D26-81AE-4249-888E-1AE3E853C894}.Debug|Any CPU.ActiveCfg = Debug|Any CPU
		{BF738D26-81AE-4249-888E-1AE3E853C894}.Debug|Any CPU.Build.0 = Debug|Any CPU
		{BF738D26-81AE-4249-888E-1AE3E853C894}.Release|Any CPU.ActiveCfg = Release|Any CPU
		{BF738D26-81AE-4249-888E-1AE3E853C894}.Release|Any CPU.Build.0 = Release|Any CPU
		{1C8E740E-0A53-45EE-A4DB-48396EBB6E18}.Debug|Any CPU.ActiveCfg = Debug|Any CPU
		{1C8E740E-0A53-45EE-A4DB-48396EBB6E18}.Debug|Any CPU.Build.0 = Debug|Any CPU
		{1C8E740E-0A53-45EE-A4DB-48396EBB6E18}.Release|Any CPU.ActiveCfg = Release|Any CPU
		{1C8E740E-0A53-45EE-A4DB-48396EBB6E18}.Release|Any CPU.Build.0 = Release|Any CPU
	EndGlobalSection
	GlobalSection(SolutionProperties) = preSolution
		HideSolutionNode = FALSE
	EndGlobalSection
	GlobalSection(ExtensibilityGlobals) = postSolution
		SolutionGuid = {691AC18B-3AA6-4F88-8E5F-23E588E08D6A}
	EndGlobalSection
EndGlobal
